
Microsoft Visual Studio Solution File, Format Version 12.00
# Visual Studio Version 17
VisualStudioVersion = 17.3.32929.385
MinimumVisualStudioVersion = 10.0.40219.1
Project("{FAE04EC0-301F-11D3-BF4B-00C04F79EFBC}") = "TestForUnitess", "TestForUnitess\TestForUnitess.csproj", "{A08843A5-81E5-4FB8-ABC3-7E11923EDA38}"
EndProject
Global
	GlobalSection(SolutionConfigurationPlatforms) = preSolution
		Debug|Any CPU = Debug|Any CPU
		Release|Any CPU = Release|Any CPU
	EndGlobalSection
	GlobalSection(ProjectConfigurationPlatforms) = postSolution
		{A08843A5-81E5-4FB8-ABC3-7E11923EDA38}.Debug|Any CPU.ActiveCfg = Debug|Any CPU
		{A08843A5-81E5-4FB8-ABC3-7E11923EDA38}.Debug|Any CPU.Build.0 = Debug|Any CPU
		{A08843A5-81E5-4FB8-ABC3-7E11923EDA38}.Release|Any CPU.ActiveCfg = Release|Any CPU
		{A08843A5-81E5-4FB8-ABC3-7E11923EDA38}.Release|Any CPU.Build.0 = Release|Any CPU
	EndGlobalSection
	GlobalSection(SolutionProperties) = preSolution
		HideSolutionNode = FALSE
	EndGlobalSection
	GlobalSection(ExtensibilityGlobals) = postSolution
		SolutionGuid = {3E047027-3AA4-4387-88BB-49EF8715B1B1}
	EndGlobalSection
EndGlobal
